
Microsoft Visual Studio Solution File, Format Version 12.00
# Visual Studio Version 17
VisualStudioVersion = 17.9.34701.34
MinimumVisualStudioVersion = 10.0.40219.1
Project("{FAE04EC0-301F-11D3-BF4B-00C04F79EFBC}") = "Action Delegate", "Action Delegate.csproj", "{4E42E601-5D27-4FF1-BB8E-60DEF7581791}"
EndProject
Global
	GlobalSection(SolutionConfigurationPlatforms) = preSolution
		Debug|Any CPU = Debug|Any CPU
		Release|Any CPU = Release|Any CPU
	EndGlobalSection
	GlobalSection(ProjectConfigurationPlatforms) = postSolution
		{4E42E601-5D27-4FF1-BB8E-60DEF7581791}.Debug|Any CPU.ActiveCfg = Debug|Any CPU
		{4E42E601-5D27-4FF1-BB8E-60DEF7581791}.Debug|Any CPU.Build.0 = Debug|Any CPU
		{4E42E601-5D27-4FF1-BB8E-60DEF7581791}.Release|Any CPU.ActiveCfg = Release|Any CPU
		{4E42E601-5D27-4FF1-BB8E-60DEF7581791}.Release|Any CPU.Build.0 = Release|Any CPU
	EndGlobalSection
	GlobalSection(SolutionProperties) = preSolution
		HideSolutionNode = FALSE
	EndGlobalSection
	GlobalSection(ExtensibilityGlobals) = postSolution
		SolutionGuid = {495F528A-8EE4-4311-8415-988F55ADA6BE}
	EndGlobalSection
EndGlobal
