
Microsoft Visual Studio Solution File, Format Version 12.00
# Visual Studio Version 17
VisualStudioVersion = 17.9.34701.34
MinimumVisualStudioVersion = 10.0.40219.1
Project("{FAE04EC0-301F-11D3-BF4B-00C04F79EFBC}") = "Temperature Change Event Example", "Temperature Change Event Example.csproj", "{B07AEC57-42BC-4A38-8EC2-5CA72DBBEC1F}"
EndProject
Global
	GlobalSection(SolutionConfigurationPlatforms) = preSolution
		Debug|Any CPU = Debug|Any CPU
		Release|Any CPU = Release|Any CPU
	EndGlobalSection
	GlobalSection(ProjectConfigurationPlatforms) = postSolution
		{B07AEC57-42BC-4A38-8EC2-5CA72DBBEC1F}.Debug|Any CPU.ActiveCfg = Debug|Any CPU
		{B07AEC57-42BC-4A38-8EC2-5CA72DBBEC1F}.Debug|Any CPU.Build.0 = Debug|Any CPU
		{B07AEC57-42BC-4A38-8EC2-5CA72DBBEC1F}.Release|Any CPU.ActiveCfg = Release|Any CPU
		{B07AEC57-42BC-4A38-8EC2-5CA72DBBEC1F}.Release|Any CPU.Build.0 = Release|Any CPU
	EndGlobalSection
	GlobalSection(SolutionProperties) = preSolution
		HideSolutionNode = FALSE
	EndGlobalSection
	GlobalSection(ExtensibilityGlobals) = postSolution
		SolutionGuid = {B63F048B-7F19-4E57-9BCE-0C9F57F913D8}
	EndGlobalSection
EndGlobal
