
Microsoft Visual Studio Solution File, Format Version 12.00
# Visual Studio Version 17
VisualStudioVersion = 17.9.34701.34
MinimumVisualStudioVersion = 10.0.40219.1
Project("{FAE04EC0-301F-11D3-BF4B-00C04F79EFBC}") = "DelegateForPrivateMethods", "DelegateForPrivateMethods.csproj", "{75ADF17E-653D-43E1-95DB-F30D181DE646}"
EndProject
Global
	GlobalSection(SolutionConfigurationPlatforms) = preSolution
		Debug|Any CPU = Debug|Any CPU
		Release|Any CPU = Release|Any CPU
	EndGlobalSection
	GlobalSection(ProjectConfigurationPlatforms) = postSolution
		{75ADF17E-653D-43E1-95DB-F30D181DE646}.Debug|Any CPU.ActiveCfg = Debug|Any CPU
		{75ADF17E-653D-43E1-95DB-F30D181DE646}.Debug|Any CPU.Build.0 = Debug|Any CPU
		{75ADF17E-653D-43E1-95DB-F30D181DE646}.Release|Any CPU.ActiveCfg = Release|Any CPU
		{75ADF17E-653D-43E1-95DB-F30D181DE646}.Release|Any CPU.Build.0 = Release|Any CPU
	EndGlobalSection
	GlobalSection(SolutionProperties) = preSolution
		HideSolutionNode = FALSE
	EndGlobalSection
	GlobalSection(ExtensibilityGlobals) = postSolution
		SolutionGuid = {90417723-D21E-4E34-8A82-012D66B753D5}
	EndGlobalSection
EndGlobal
