
Microsoft Visual Studio Solution File, Format Version 12.00
# Visual Studio Version 17
VisualStudioVersion = 17.9.34701.34
MinimumVisualStudioVersion = 10.0.40219.1
Project("{FAE04EC0-301F-11D3-BF4B-00C04F79EFBC}") = "StockMarketAppExample", "StockMarketAppExample.csproj", "{3BB60ABC-3E5F-4B6B-9E44-63575CCD31DA}"
EndProject
Global
	GlobalSection(SolutionConfigurationPlatforms) = preSolution
		Debug|Any CPU = Debug|Any CPU
		Release|Any CPU = Release|Any CPU
	EndGlobalSection
	GlobalSection(ProjectConfigurationPlatforms) = postSolution
		{3BB60ABC-3E5F-4B6B-9E44-63575CCD31DA}.Debug|Any CPU.ActiveCfg = Debug|Any CPU
		{3BB60ABC-3E5F-4B6B-9E44-63575CCD31DA}.Debug|Any CPU.Build.0 = Debug|Any CPU
		{3BB60ABC-3E5F-4B6B-9E44-63575CCD31DA}.Release|Any CPU.ActiveCfg = Release|Any CPU
		{3BB60ABC-3E5F-4B6B-9E44-63575CCD31DA}.Release|Any CPU.Build.0 = Release|Any CPU
	EndGlobalSection
	GlobalSection(SolutionProperties) = preSolution
		HideSolutionNode = FALSE
	EndGlobalSection
	GlobalSection(ExtensibilityGlobals) = postSolution
		SolutionGuid = {EEF64E39-867B-4040-B5CD-E105353CC88A}
	EndGlobalSection
EndGlobal
